
Microsoft Visual Studio Solution File, Format Version 12.00
# Visual Studio Version 16
VisualStudioVersion = 16.0.29025.244
MinimumVisualStudioVersion = 10.0.40219.1
Project("{FAE04EC0-301F-11D3-BF4B-00C04F79EFBC}") = "ideaware", "ideaware\ideaware.csproj", "{2EE98C63-535A-4540-B519-1705DE1D5B54}"
EndProject
Global
	GlobalSection(SolutionConfigurationPlatforms) = preSolution
		Debug|Any CPU = Debug|Any CPU
		Release|Any CPU = Release|Any CPU
	EndGlobalSection
	GlobalSection(ProjectConfigurationPlatforms) = postSolution
		{2EE98C63-535A-4540-B519-1705DE1D5B54}.Debug|Any CPU.ActiveCfg = Debug|Any CPU
		{2EE98C63-535A-4540-B519-1705DE1D5B54}.Debug|Any CPU.Build.0 = Debug|Any CPU
		{2EE98C63-535A-4540-B519-1705DE1D5B54}.Release|Any CPU.ActiveCfg = Release|Any CPU
		{2EE98C63-535A-4540-B519-1705DE1D5B54}.Release|Any CPU.Build.0 = Release|Any CPU
	EndGlobalSection
	GlobalSection(SolutionProperties) = preSolution
		HideSolutionNode = FALSE
	EndGlobalSection
	GlobalSection(ExtensibilityGlobals) = postSolution
		SolutionGuid = {BE0DDB7E-3895-40D3-BFDF-29410E1E57A6}
	EndGlobalSection
EndGlobal
